<?xml version="1.0" encoding="utf-8"?>
<Project ToolsVersion="4.0" xmlns="http://schemas.microsoft.com/developer/msbuild/2003">
  <ItemGroup>
    <Filter Include="Исходные файлы">
      <UniqueIdentifier>{4FC737F1-C7A5-4376-A066-2A32D752A2FF}</UniqueIdentifier>
      <Extensions>cpp;c;cc;cxx;c++;cppm;ixx;def;odl;idl;hpj;bat;asm;asmx</Extensions>
    </Filter>
    <Filter Include="Файлы заголовков">
      <UniqueIdentifier>{93995380-89BD-4b04-88EB-625FBE52EBFB}</UniqueIdentifier>
      <Extensions>h;hh;hpp;hxx;h++;hm;inl;inc;ipp;xsd</Extensions>
    </Filter>
    <Filter Include="Файлы ресурсов">
      <UniqueIdentifier>{67DA6AB6-F800-4c08-8B7A-83BB121AAD01}</UniqueIdentifier>
      <Extensions>rc;ico;cur;bmp;dlg;rc2;rct;bin;rgs;gif;jpg;jpeg;jpe;resx;tiff;tif;png;wav;mfcribbon-ms</Extensions>
    </Filter>
    <Filter Include="Исходные файлы\Containers">
      <UniqueIdentifier>{62ed44fc-add2-4df3-9453-ab88290e3106}</UniqueIdentifier>
    </Filter>
    <Filter Include="Файлы заголовков\Для подключения">
      <UniqueIdentifier>{c304cb3a-1b57-441e-ab8e-9a4f746626e9}</UniqueIdentifier>
    </Filter>
    <Filter Include="Файлы заголовков\Объявления">
      <UniqueIdentifier>{820b232e-2fd8-48a7-9201-45665ab5e3d8}</UniqueIdentifier>
    </Filter>
    <Filter Include="Исходные файлы\Конвертор нотаций">
      <UniqueIdentifier>{d0c050c2-b32b-4b09-886b-eec84ee15bb0}</UniqueIdentifier>
    </Filter>
    <Filter Include="Файлы заголовков\Для подключения\Containers">
      <UniqueIdentifier>{a1182ceb-c6dc-41aa-b703-6fd1adda6556}</UniqueIdentifier>
    </Filter>
    <Filter Include="Файлы заголовков\Для подключения\NotationConverter">
      <UniqueIdentifier>{aa6e4c13-9c62-4ab4-8e64-22f2d89864f3}</UniqueIdentifier>
    </Filter>
    <Filter Include="Файлы заголовков\Объявления\Containers">
      <UniqueIdentifier>{e6d5dba9-c57f-45e3-8f4d-fab622cd293f}</UniqueIdentifier>
    </Filter>
    <Filter Include="Файлы заголовков\Объявления\NotationConverter">
      <UniqueIdentifier>{e88c9466-f1e6-4646-a66f-4c05d0443087}</UniqueIdentifier>
    </Filter>
    <Filter Include="Исходные файлы\Validators">
      <UniqueIdentifier>{d95d065c-cb84-43ea-a094-be3f4d9f9999}</UniqueIdentifier>
    </Filter>
    <Filter Include="Файлы заголовков\Для подключения\Validators">
      <UniqueIdentifier>{ec36b399-ba21-4227-93e5-ad4da0c18343}</UniqueIdentifier>
    </Filter>
    <Filter Include="Файлы заголовков\Объявления\Validators">
      <UniqueIdentifier>{800e52d9-093f-4e0c-8d21-ddcf29d62866}</UniqueIdentifier>
    </Filter>
    <Filter Include="Исходные файлы\Parser">
      <UniqueIdentifier>{a60f3dbc-0e87-4158-901c-0d7489069563}</UniqueIdentifier>
    </Filter>
    <Filter Include="Файлы заголовков\Parser">
      <UniqueIdentifier>{f724ff73-cc35-4204-9937-e822ae62468f}</UniqueIdentifier>
    </Filter>
    <Filter Include="Файлы заголовков\Объявления\Parser">
      <UniqueIdentifier>{6e1bb6fd-9f53-41cf-b829-961c47708c15}</UniqueIdentifier>
    </Filter>
  </ItemGroup>
  <ItemGroup>
    <ClCompile Include="Library.cpp">
      <Filter>Исходные файлы</Filter>
    </ClCompile>
    <ClCompile Include="Node.cpp">
      <Filter>Исходные файлы\Containers</Filter>
    </ClCompile>
    <ClCompile Include="List.cpp">
      <Filter>Исходные файлы\Containers</Filter>
    </ClCompile>
    <ClCompile Include="Stack.cpp">
      <Filter>Исходные файлы\Containers</Filter>
    </ClCompile>
    <ClCompile Include="Queue.cpp">
      <Filter>Исходные файлы\Containers</Filter>
    </ClCompile>
    <ClCompile Include="Notations.cpp">
      <Filter>Исходные файлы\Конвертор нотаций</Filter>
    </ClCompile>
    <ClCompile Include="InputOptions.cpp">
      <Filter>Исходные файлы\Validators</Filter>
    </ClCompile>
    <ClCompile Include="InputValidator.cpp">
      <Filter>Исходные файлы\Validators</Filter>
    </ClCompile>
    <ClCompile Include="Validator.cpp">
      <Filter>Исходные файлы\Validators</Filter>
    </ClCompile>
    <ClCompile Include="ExpressionFormatter.cpp">
      <Filter>Исходные файлы\Parser</Filter>
    </ClCompile>
    <ClCompile Include="ExpressionDefragmentator.cpp">
      <Filter>Исходные файлы\Parser</Filter>
    </ClCompile>
    <ClCompile Include="Parser.cpp">
      <Filter>Исходные файлы\Parser</Filter>
    </ClCompile>
  </ItemGroup>
  <ItemGroup>
    <None Include=".editorconfig" />
    <None Include="ClassDiagram.cd" />
  </ItemGroup>
  <ItemGroup>
    <ClInclude Include="List.h">
      <Filter>Файлы заголовков\Для подключения\Containers</Filter>
    </ClInclude>
    <ClInclude Include="Node.h">
      <Filter>Файлы заголовков\Для подключения\Containers</Filter>
    </ClInclude>
    <ClInclude Include="Queue.h">
      <Filter>Файлы заголовков\Для подключения\Containers</Filter>
    </ClInclude>
    <ClInclude Include="Stack.h">
      <Filter>Файлы заголовков\Для подключения\Containers</Filter>
    </ClInclude>
    <ClInclude Include="pList.h">
      <Filter>Файлы заголовков\Объявления\Containers</Filter>
    </ClInclude>
    <ClInclude Include="pNode.h">
      <Filter>Файлы заголовков\Объявления\Containers</Filter>
    </ClInclude>
    <ClInclude Include="pQueue.h">
      <Filter>Файлы заголовков\Объявления\Containers</Filter>
    </ClInclude>
    <ClInclude Include="pStack.h">
      <Filter>Файлы заголовков\Объявления\Containers</Filter>
    </ClInclude>
    <ClInclude Include="Notations.h">
      <Filter>Файлы заголовков\Для подключения\NotationConverter</Filter>
    </ClInclude>
    <ClInclude Include="pNotations.h">
      <Filter>Файлы заголовков\Объявления\NotationConverter</Filter>
    </ClInclude>
    <ClInclude Include="InputOptions.h">
      <Filter>Файлы заголовков\Для подключения\Validators</Filter>
    </ClInclude>
    <ClInclude Include="InputValidator.h">
      <Filter>Файлы заголовков\Для подключения\Validators</Filter>
    </ClInclude>
    <ClInclude Include="pInputOptions.h">
      <Filter>Файлы заголовков\Объявления\Validators</Filter>
    </ClInclude>
    <ClInclude Include="pInputValidator.h">
      <Filter>Файлы заголовков\Объявления\Validators</Filter>
    </ClInclude>
    <ClInclude Include="Validator.h">
      <Filter>Файлы заголовков\Для подключения\Validators</Filter>
    </ClInclude>
    <ClInclude Include="pValidator.h">
      <Filter>Файлы заголовков\Объявления\Validators</Filter>
    </ClInclude>
    <ClInclude Include="ExpressionFormatter.h">
      <Filter>Файлы заголовков\Parser</Filter>
    </ClInclude>
    <ClInclude Include="pExpressionFormatter.h">
      <Filter>Файлы заголовков\Объявления\Parser</Filter>
    </ClInclude>
    <ClInclude Include="ExpressionDefragmentator.h">
      <Filter>Файлы заголовков\Объявления\Parser</Filter>
    </ClInclude>
    <ClInclude Include="Parser.h">
      <Filter>Файлы заголовков\Объявления\Parser</Filter>
    </ClInclude>
  </ItemGroup>
</Project>